// !$*UTF8*$!
{
	archiveVersion = 1;
	classes = {
	};
	objectVersion = 77;
	objects = {

/* Begin PBXBuildFile section */
		830FAD5E2D52BEA80032BCF0 /* Kingfisher in Frameworks */ = {isa = PBXBuildFile; productRef = 830FAD5D2D52BEA80032BCF0 /* Kingfisher */; };
		83187FFA2DBED92D001AE2B7 /* README.md in Resources */ = {isa = PBXBuildFile; fileRef = 83187FF92DBED92D001AE2B7 /* README.md */; };
/* End PBXBuildFile section */

/* Begin PBXContainerItemProxy section */
		830FAD1B2D5297B30032BCF0 /* PBXContainerItemProxy */ = {
			isa = PBXContainerItemProxy;
			containerPortal = 830FACF92D5297B10032BCF0 /* Project object */;
			proxyType = 1;
			remoteGlobalIDString = 830FAD002D5297B10032BCF0;
			remoteInfo = cleanSwiftCoreData1;
		};
		830FAD252D5297B30032BCF0 /* PBXContainerItemProxy */ = {
			isa = PBXContainerItemProxy;
			containerPortal = 830FACF92D5297B10032BCF0 /* Project object */;
			proxyType = 1;
			remoteGlobalIDString = 830FAD002D5297B10032BCF0;
			remoteInfo = cleanSwiftCoreData1;
		};
/* End PBXContainerItemProxy section */

/* Begin PBXFileReference section */
		830FAD012D5297B10032BCF0 /* cleanSwiftCoreData1.app */ = {isa = PBXFileReference; explicitFileType = wrapper.application; includeInIndex = 0; path = cleanSwiftCoreData1.app; sourceTree = BUILT_PRODUCTS_DIR; };
		830FAD1A2D5297B30032BCF0 /* cleanSwiftCoreData1Tests.xctest */ = {isa = PBXFileReference; explicitFileType = wrapper.cfbundle; includeInIndex = 0; path = cleanSwiftCoreData1Tests.xctest; sourceTree = BUILT_PRODUCTS_DIR; };
		830FAD242D5297B30032BCF0 /* cleanSwiftCoreData1UITests.xctest */ = {isa = PBXFileReference; explicitFileType = wrapper.cfbundle; includeInIndex = 0; path = cleanSwiftCoreData1UITests.xctest; sourceTree = BUILT_PRODUCTS_DIR; };
		83187FF92DBED92D001AE2B7 /* README.md */ = {isa = PBXFileReference; lastKnownFileType = net.daringfireball.markdown; path = README.md; sourceTree = "<group>"; };
/* End PBXFileReference section */

/* Begin PBXFileSystemSynchronizedBuildFileExceptionSet section */
		830FAD2C2D5297B30032BCF0 /* Exceptions for "cleanSwiftCoreData1" folder in "cleanSwiftCoreData1" target */ = {
			isa = PBXFileSystemSynchronizedBuildFileExceptionSet;
			membershipExceptions = (
				Info.plist,
			);
			target = 830FAD002D5297B10032BCF0 /* cleanSwiftCoreData1 */;
		};
/* End PBXFileSystemSynchronizedBuildFileExceptionSet section */

/* Begin PBXFileSystemSynchronizedRootGroup section */
		830FAD032D5297B10032BCF0 /* cleanSwiftCoreData1 */ = {
			isa = PBXFileSystemSynchronizedRootGroup;
			exceptions = (
				830FAD2C2D5297B30032BCF0 /* Exceptions for "cleanSwiftCoreData1" folder in "cleanSwiftCoreData1" target */,
			);
			path = cleanSwiftCoreData1;
			sourceTree = "<group>";
		};
		830FAD1D2D5297B30032BCF0 /* cleanSwiftCoreData1Tests */ = {
			isa = PBXFileSystemSynchronizedRootGroup;
			path = cleanSwiftCoreData1Tests;
			sourceTree = "<group>";
		};
		830FAD272D5297B30032BCF0 /* cleanSwiftCoreData1UITests */ = {
			isa = PBXFileSystemSynchronizedRootGroup;
			path = cleanSwiftCoreData1UITests;
			sourceTree = "<group>";
		};
/* End PBXFileSystemSynchronizedRootGroup section */

/* Begin PBXFrameworksBuildPhase section */
		830FACFE2D5297B10032BCF0 /* Frameworks */ = {
			isa = PBXFrameworksBuildPhase;
			buildActionMask = 2147483647;
			files = (
				830FAD5E2D52BEA80032BCF0 /* Kingfisher in Frameworks */,
			);
			runOnlyForDeploymentPostprocessing = 0;
		};
		830FAD172D5297B30032BCF0 /* Frameworks */ = {
			isa = PBXFrameworksBuildPhase;
			buildActionMask = 2147483647;
			files = (
			);
			runOnlyForDeploymentPostprocessing = 0;
		};
		830FAD212D5297B30032BCF0 /* Frameworks */ = {
			isa = PBXFrameworksBuildPhase;
			buildActionMask = 2147483647;
			files = (
			);
			runOnlyForDeploymentPostprocessing = 0;
		};
/* End PBXFrameworksBuildPhase section */

/* Begin PBXGroup section */
		830FACF82D5297B10032BCF0 = {
			isa = PBXGroup;
			children = (
				83187FF92DBED92D001AE2B7 /* README.md */,
				830FAD032D5297B10032BCF0 /* cleanSwiftCoreData1 */,
				830FAD1D2D5297B30032BCF0 /* cleanSwiftCoreData1Tests */,
				830FAD272D5297B30032BCF0 /* cleanSwiftCoreData1UITests */,
				830FAD022D5297B10032BCF0 /* Products */,
			);
			sourceTree = "<group>";
		};
		830FAD022D5297B10032BCF0 /* Products */ = {
			isa = PBXGroup;
			children = (
				830FAD012D5297B10032BCF0 /* cleanSwiftCoreData1.app */,
				830FAD1A2D5297B30032BCF0 /* cleanSwiftCoreData1Tests.xctest */,
				830FAD242D5297B30032BCF0 /* cleanSwiftCoreData1UITests.xctest */,
			);
			name = Products;
			sourceTree = "<group>";
		};
/* End PBXGroup section */

/* Begin PBXNativeTarget section */
		830FAD002D5297B10032BCF0 /* cleanSwiftCoreData1 */ = {
			isa = PBXNativeTarget;
			buildConfigurationList = 830FAD2D2D5297B30032BCF0 /* Build configuration list for PBXNativeTarget "cleanSwiftCoreData1" */;
			buildPhases = (
				830FACFD2D5297B10032BCF0 /* Sources */,
				830FACFE2D5297B10032BCF0 /* Frameworks */,
				830FACFF2D5297B10032BCF0 /* Resources */,
			);
			buildRules = (
			);
			dependencies = (
			);
			fileSystemSynchronizedGroups = (
				830FAD032D5297B10032BCF0 /* cleanSwiftCoreData1 */,
			);
			name = cleanSwiftCoreData1;
			packageProductDependencies = (
				830FAD5D2D52BEA80032BCF0 /* Kingfisher */,
			);
			productName = cleanSwiftCoreData1;
			productReference = 830FAD012D5297B10032BCF0 /* cleanSwiftCoreData1.app */;
			productType = "com.apple.product-type.application";
		};
		830FAD192D5297B30032BCF0 /* cleanSwiftCoreData1Tests */ = {
			isa = PBXNativeTarget;
			buildConfigurationList = 830FAD322D5297B30032BCF0 /* Build configuration list for PBXNativeTarget "cleanSwiftCoreData1Tests" */;
			buildPhases = (
				830FAD162D5297B30032BCF0 /* Sources */,
				830FAD172D5297B30032BCF0 /* Frameworks */,
				830FAD182D5297B30032BCF0 /* Resources */,
			);
			buildRules = (
			);
			dependencies = (
				830FAD1C2D5297B30032BCF0 /* PBXTargetDependency */,
			);
			fileSystemSynchronizedGroups = (
				830FAD1D2D5297B30032BCF0 /* cleanSwiftCoreData1Tests */,
			);
			name = cleanSwiftCoreData1Tests;
			packageProductDependencies = (
			);
			productName = cleanSwiftCoreData1Tests;
			productReference = 830FAD1A2D5297B30032BCF0 /* cleanSwiftCoreData1Tests.xctest */;
			productType = "com.apple.product-type.bundle.unit-test";
		};
		830FAD232D5297B30032BCF0 /* cleanSwiftCoreData1UITests */ = {
			isa = PBXNativeTarget;
			buildConfigurationList = 830FAD352D5297B30032BCF0 /* Build configuration list for PBXNativeTarget "cleanSwiftCoreData1UITests" */;
			buildPhases = (
				830FAD202D5297B30032BCF0 /* Sources */,
				830FAD212D5297B30032BCF0 /* Frameworks */,
				830FAD222D5297B30032BCF0 /* Resources */,
			);
			buildRules = (
			);
			dependencies = (
				830FAD262D5297B30032BCF0 /* PBXTargetDependency */,
			);
			fileSystemSynchronizedGroups = (
				830FAD272D5297B30032BCF0 /* cleanSwiftCoreData1UITests */,
			);
			name = cleanSwiftCoreData1UITests;
			packageProductDependencies = (
			);
			productName = cleanSwiftCoreData1UITests;
			productReference = 830FAD242D5297B30032BCF0 /* cleanSwiftCoreData1UITests.xctest */;
			productType = "com.apple.product-type.bundle.ui-testing";
		};
/* End PBXNativeTarget section */

/* Begin PBXProject section */
		830FACF92D5297B10032BCF0 /* Project object */ = {
			isa = PBXProject;
			attributes = {
				BuildIndependentTargetsInParallel = 1;
				LastSwiftUpdateCheck = 1620;
				LastUpgradeCheck = 1620;
				TargetAttributes = {
					830FAD002D5297B10032BCF0 = {
						CreatedOnToolsVersion = 16.2;
					};
					830FAD192D5297B30032BCF0 = {
						CreatedOnToolsVersion = 16.2;
						TestTargetID = 830FAD002D5297B10032BCF0;
					};
					830FAD232D5297B30032BCF0 = {
						CreatedOnToolsVersion = 16.2;
						TestTargetID = 830FAD002D5297B10032BCF0;
					};
				};
			};
			buildConfigurationList = 830FACFC2D5297B10032BCF0 /* Build configuration list for PBXProject "cleanSwiftCoreData1" */;
			developmentRegion = en;
			hasScannedForEncodings = 0;
			knownRegions = (
				en,
				Base,
			);
			mainGroup = 830FACF82D5297B10032BCF0;
			minimizedProjectReferenceProxies = 1;
			packageReferences = (
				830FAD5C2D52BEA80032BCF0 /* XCRemoteSwiftPackageReference "Kingfisher" */,
			);
			preferredProjectObjectVersion = 77;
			productRefGroup = 830FAD022D5297B10032BCF0 /* Products */;
			projectDirPath = "";
			projectRoot = "";
			targets = (
				830FAD002D5297B10032BCF0 /* cleanSwiftCoreData1 */,
				830FAD192D5297B30032BCF0 /* cleanSwiftCoreData1Tests */,
				830FAD232D5297B30032BCF0 /* cleanSwiftCoreData1UITests */,
			);
		};
/* End PBXProject section */

/* Begin PBXResourcesBuildPhase section */
		830FACFF2D5297B10032BCF0 /* Resources */ = {
			isa = PBXResourcesBuildPhase;
			buildActionMask = 2147483647;
			files = (
				83187FFA2DBED92D001AE2B7 /* README.md in Resources */,
			);
			runOnlyForDeploymentPostprocessing = 0;
		};
		830FAD182D5297B30032BCF0 /* Resources */ = {
			isa = PBXResourcesBuildPhase;
			buildActionMask = 2147483647;
			files = (
			);
			runOnlyForDeploymentPostprocessing = 0;
		};
		830FAD222D5297B30032BCF0 /* Resources */ = {
			isa = PBXResourcesBuildPhase;
			buildActionMask = 2147483647;
			files = (
			);
			runOnlyForDeploymentPostprocessing = 0;
		};
/* End PBXResourcesBuildPhase section */

/* Begin PBXSourcesBuildPhase section */
		830FACFD2D5297B10032BCF0 /* Sources */ = {
			isa = PBXSourcesBuildPhase;
			buildActionMask = 2147483647;
			files = (
			);
			runOnlyForDeploymentPostprocessing = 0;
		};
		830FAD162D5297B30032BCF0 /* Sources */ = {
			isa = PBXSourcesBuildPhase;
			buildActionMask = 2147483647;
			files = (
			);
			runOnlyForDeploymentPostprocessing = 0;
		};
		830FAD202D5297B30032BCF0 /* Sources */ = {
			isa = PBXSourcesBuildPhase;
			buildActionMask = 2147483647;
			files = (
			);
			runOnlyForDeploymentPostprocessing = 0;
		};
/* End PBXSourcesBuildPhase section */

/* Begin PBXTargetDependency section */
		830FAD1C2D5297B30032BCF0 /* PBXTargetDependency */ = {
			isa = PBXTargetDependency;
			target = 830FAD002D5297B10032BCF0 /* cleanSwiftCoreData1 */;
			targetProxy = 830FAD1B2D5297B30032BCF0 /* PBXContainerItemProxy */;
		};
		830FAD262D5297B30032BCF0 /* PBXTargetDependency */ = {
			isa = PBXTargetDependency;
			target = 830FAD002D5297B10032BCF0 /* cleanSwiftCoreData1 */;
			targetProxy = 830FAD252D5297B30032BCF0 /* PBXContainerItemProxy */;
		};
/* End PBXTargetDependency section */

/* Begin XCBuildConfiguration section */
		830FAD2E2D5297B30032BCF0 /* Debug */ = {
			isa = XCBuildConfiguration;
			buildSettings = {
				ASSETCATALOG_COMPILER_APPICON_NAME = AppIcon;
				ASSETCATALOG_COMPILER_GLOBAL_ACCENT_COLOR_NAME = AccentColor;
				CODE_SIGN_STYLE = Automatic;
				CURRENT_PROJECT_VERSION = 1;
				DEVELOPMENT_TEAM = EFA22Y27VT;
				GENERATE_INFOPLIST_FILE = YES;
				INFOPLIST_FILE = cleanSwiftCoreData1/Info.plist;
				INFOPLIST_KEY_UIApplicationSupportsIndirectInputEvents = YES;
				INFOPLIST_KEY_UILaunchStoryboardName = LaunchScreen;
				INFOPLIST_KEY_UIMainStoryboardFile = "";
				INFOPLIST_KEY_UISupportedInterfaceOrientations_iPad = "UIInterfaceOrientationPortrait UIInterfaceOrientationPortraitUpsideDown UIInterfaceOrientationLandscapeLeft UIInterfaceOrientationLandscapeRight";
				INFOPLIST_KEY_UISupportedInterfaceOrientations_iPhone = "UIInterfaceOrientationPortrait UIInterfaceOrientationLandscapeLeft UIInterfaceOrientationLandscapeRight";
				IPHONEOS_DEPLOYMENT_TARGET = 15;
				LD_RUNPATH_SEARCH_PATHS = (
					"$(inherited)",
					"@executable_path/Frameworks",
				);
				MARKETING_VERSION = 1.0;
				PRODUCT_BUNDLE_IDENTIFIER = com.akr.akr.cleanSwiftCoreData1;
				PRODUCT_NAME = "$(TARGET_NAME)";
				SWIFT_EMIT_LOC_STRINGS = YES;
				SWIFT_VERSION = 5.0;
				TARGETED_DEVICE_FAMILY = "1,2";
			};
			name = Debug;
		};
		830FAD2F2D5297B30032BCF0 /* Release */ = {
			isa = XCBuildConfiguration;
			buildSettings = {
				ASSETCATALOG_COMPILER_APPICON_NAME = AppIcon;
				ASSETCATALOG_COMPILER_GLOBAL_ACCENT_COLOR_NAME = AccentColor;
				CODE_SIGN_STYLE = Automatic;
				CURRENT_PROJECT_VERSION = 1;
				DEVELOPMENT_TEAM = EFA22Y27VT;
				GENERATE_INFOPLIST_FILE = YES;
				INFOPLIST_FILE = cleanSwiftCoreData1/Info.plist;
				INFOPLIST_KEY_UIApplicationSupportsIndirectInputEvents = YES;
				INFOPLIST_KEY_UILaunchStoryboardName = LaunchScreen;
				INFOPLIST_KEY_UIMainStoryboardFile = "";
				INFOPLIST_KEY_UISupportedInterfaceOrientations_iPad = "UIInterfaceOrientationPortrait UIInterfaceOrientationPortraitUpsideDown UIInterfaceOrientationLandscapeLeft UIInterfaceOrientationLandscapeRight";
				INFOPLIST_KEY_UISupportedInterfaceOrientations_iPhone = "UIInterfaceOrientationPortrait UIInterfaceOrientationLandscapeLeft UIInterfaceOrientationLandscapeRight";
				IPHONEOS_DEPLOYMENT_TARGET = 15;
				LD_RUNPATH_SEARCH_PATHS = (
					"$(inherited)",
					"@executable_path/Frameworks",
				);
				MARKETING_VERSION = 1.0;
				PRODUCT_BUNDLE_IDENTIFIER = com.akr.akr.cleanSwiftCoreData1;
				PRODUCT_NAME = "$(TARGET_NAME)";
				SWIFT_EMIT_LOC_STRINGS = YES;
				SWIFT_VERSION = 5.0;
				TARGETED_DEVICE_FAMILY = "1,2";
			};
			name = Release;
		};
		830FAD302D5297B30032BCF0 /* Debug */ = {
			isa = XCBuildConfiguration;
			buildSettings = {
				ALWAYS_SEARCH_USER_PATHS = NO;
				ASSETCATALOG_COMPILER_GENERATE_SWIFT_ASSET_SYMBOL_EXTENSIONS = YES;
				CLANG_ANALYZER_NONNULL = YES;
				CLANG_ANALYZER_NUMBER_OBJECT_CONVERSION = YES_AGGRESSIVE;
				CLANG_CXX_LANGUAGE_STANDARD = "gnu++20";
				CLANG_ENABLE_MODULES = YES;
				CLANG_ENABLE_OBJC_ARC = YES;
				CLANG_ENABLE_OBJC_WEAK = YES;
				CLANG_WARN_BLOCK_CAPTURE_AUTORELEASING = YES;
				CLANG_WARN_BOOL_CONVERSION = YES;
				CLANG_WARN_COMMA = YES;
				CLANG_WARN_CONSTANT_CONVERSION = YES;
				CLANG_WARN_DEPRECATED_OBJC_IMPLEMENTATIONS = YES;
				CLANG_WARN_DIRECT_OBJC_ISA_USAGE = YES_ERROR;
				CLANG_WARN_DOCUMENTATION_COMMENTS = YES;
				CLANG_WARN_EMPTY_BODY = YES;
				CLANG_WARN_ENUM_CONVERSION = YES;
				CLANG_WARN_INFINITE_RECURSION = YES;
				CLANG_WARN_INT_CONVERSION = YES;
				CLANG_WARN_NON_LITERAL_NULL_CONVERSION = YES;
				CLANG_WARN_OBJC_IMPLICIT_RETAIN_SELF = YES;
				CLANG_WARN_OBJC_LITERAL_CONVERSION = YES;
				CLANG_WARN_OBJC_ROOT_CLASS = YES_ERROR;
				CLANG_WARN_QUOTED_INCLUDE_IN_FRAMEWORK_HEADER = YES;
				CLANG_WARN_RANGE_LOOP_ANALYSIS = YES;
				CLANG_WARN_STRICT_PROTOTYPES = YES;
				CLANG_WARN_SUSPICIOUS_MOVE = YES;
				CLANG_WARN_UNGUARDED_AVAILABILITY = YES_AGGRESSIVE;
				CLANG_WARN_UNREACHABLE_CODE = YES;
				CLANG_WARN__DUPLICATE_METHOD_MATCH = YES;
				COPY_PHASE_STRIP = NO;
				DEBUG_INFORMATION_FORMAT = dwarf;
				ENABLE_STRICT_OBJC_MSGSEND = YES;
				ENABLE_TESTABILITY = YES;
				ENABLE_USER_SCRIPT_SANDBOXING = YES;
				GCC_C_LANGUAGE_STANDARD = gnu17;
				GCC_DYNAMIC_NO_PIC = NO;
				GCC_NO_COMMON_BLOCKS = YES;
				GCC_OPTIMIZATION_LEVEL = 0;
				GCC_PREPROCESSOR_DEFINITIONS = (
					"DEBUG=1",
					"$(inherited)",
				);
				GCC_WARN_64_TO_32_BIT_CONVERSION = YES;
				GCC_WARN_ABOUT_RETURN_TYPE = YES_ERROR;
				GCC_WARN_UNDECLARED_SELECTOR = YES;
				GCC_WARN_UNINITIALIZED_AUTOS = YES_AGGRESSIVE;
				GCC_WARN_UNUSED_FUNCTION = YES;
				GCC_WARN_UNUSED_VARIABLE = YES;
				IPHONEOS_DEPLOYMENT_TARGET = 15.6;
				LOCALIZATION_PREFERS_STRING_CATALOGS = YES;
				MTL_ENABLE_DEBUG_INFO = INCLUDE_SOURCE;
				MTL_FAST_MATH = YES;
				ONLY_ACTIVE_ARCH = YES;
				SDKROOT = iphoneos;
				SWIFT_ACTIVE_COMPILATION_CONDITIONS = "DEBUG $(inherited)";
				SWIFT_OPTIMIZATION_LEVEL = "-Onone";
			};
			name = Debug;
		};
		830FAD312D5297B30032BCF0 /* Release */ = {
			isa = XCBuildConfiguration;
			buildSettings = {
				ALWAYS_SEARCH_USER_PATHS = NO;
				ASSETCATALOG_COMPILER_GENERATE_SWIFT_ASSET_SYMBOL_EXTENSIONS = YES;
				CLANG_ANALYZER_NONNULL = YES;
				CLANG_ANALYZER_NUMBER_OBJECT_CONVERSION = YES_AGGRESSIVE;
				CLANG_CXX_LANGUAGE_STANDARD = "gnu++20";
				CLANG_ENABLE_MODULES = YES;
				CLANG_ENABLE_OBJC_ARC = YES;
				CLANG_ENABLE_OBJC_WEAK = YES;
				CLANG_WARN_BLOCK_CAPTURE_AUTORELEASING = YES;
				CLANG_WARN_BOOL_CONVERSION = YES;
				CLANG_WARN_COMMA = YES;
				CLANG_WARN_CONSTANT_CONVERSION = YES;
				CLANG_WARN_DEPRECATED_OBJC_IMPLEMENTATIONS = YES;
				CLANG_WARN_DIRECT_OBJC_ISA_USAGE = YES_ERROR;
				CLANG_WARN_DOCUMENTATION_COMMENTS = YES;
				CLANG_WARN_EMPTY_BODY = YES;
				CLANG_WARN_ENUM_CONVERSION = YES;
				CLANG_WARN_INFINITE_RECURSION = YES;
				CLANG_WARN_INT_CONVERSION = YES;
				CLANG_WARN_NON_LITERAL_NULL_CONVERSION = YES;
				CLANG_WARN_OBJC_IMPLICIT_RETAIN_SELF = YES;
				CLANG_WARN_OBJC_LITERAL_CONVERSION = YES;
				CLANG_WARN_OBJC_ROOT_CLASS = YES_ERROR;
				CLANG_WARN_QUOTED_INCLUDE_IN_FRAMEWORK_HEADER = YES;
				CLANG_WARN_RANGE_LOOP_ANALYSIS = YES;
				CLANG_WARN_STRICT_PROTOTYPES = YES;
				CLANG_WARN_SUSPICIOUS_MOVE = YES;
				CLANG_WARN_UNGUARDED_AVAILABILITY = YES_AGGRESSIVE;
				CLANG_WARN_UNREACHABLE_CODE = YES;
				CLANG_WARN__DUPLICATE_METHOD_MATCH = YES;
				COPY_PHASE_STRIP = NO;
				DEBUG_INFORMATION_FORMAT = "dwarf-with-dsym";
				ENABLE_NS_ASSERTIONS = NO;
				ENABLE_STRICT_OBJC_MSGSEND = YES;
				ENABLE_USER_SCRIPT_SANDBOXING = YES;
				GCC_C_LANGUAGE_STANDARD = gnu17;
				GCC_NO_COMMON_BLOCKS = YES;
				GCC_WARN_64_TO_32_BIT_CONVERSION = YES;
				GCC_WARN_ABOUT_RETURN_TYPE = YES_ERROR;
				GCC_WARN_UNDECLARED_SELECTOR = YES;
				GCC_WARN_UNINITIALIZED_AUTOS = YES_AGGRESSIVE;
				GCC_WARN_UNUSED_FUNCTION = YES;
				GCC_WARN_UNUSED_VARIABLE = YES;
				IPHONEOS_DEPLOYMENT_TARGET = 15.6;
				LOCALIZATION_PREFERS_STRING_CATALOGS = YES;
				MTL_ENABLE_DEBUG_INFO = NO;
				MTL_FAST_MATH = YES;
				SDKROOT = iphoneos;
				SWIFT_COMPILATION_MODE = wholemodule;
				VALIDATE_PRODUCT = YES;
			};
			name = Release;
		};
		830FAD332D5297B30032BCF0 /* Debug */ = {
			isa = XCBuildConfiguration;
			buildSettings = {
				BUNDLE_LOADER = "$(TEST_HOST)";
				CODE_SIGN_STYLE = Automatic;
				CURRENT_PROJECT_VERSION = 1;
				DEVELOPMENT_TEAM = EFA22Y27VT;
				GENERATE_INFOPLIST_FILE = YES;
				IPHONEOS_DEPLOYMENT_TARGET = 18.2;
				MARKETING_VERSION = 1.0;
				PRODUCT_BUNDLE_IDENTIFIER = com.akr.akr.cleanSwiftCoreData1Tests;
				PRODUCT_NAME = "$(TARGET_NAME)";
				SWIFT_EMIT_LOC_STRINGS = NO;
				SWIFT_VERSION = 5.0;
				TARGETED_DEVICE_FAMILY = "1,2";
				TEST_HOST = "$(BUILT_PRODUCTS_DIR)/cleanSwiftCoreData1.app/$(BUNDLE_EXECUTABLE_FOLDER_PATH)/cleanSwiftCoreData1";
			};
			name = Debug;
		};
		830FAD342D5297B30032BCF0 /* Release */ = {
			isa = XCBuildConfiguration;
			buildSettings = {
				BUNDLE_LOADER = "$(TEST_HOST)";
				CODE_SIGN_STYLE = Automatic;
				CURRENT_PROJECT_VERSION = 1;
				DEVELOPMENT_TEAM = EFA22Y27VT;
				GENERATE_INFOPLIST_FILE = YES;
				IPHONEOS_DEPLOYMENT_TARGET = 18.2;
				MARKETING_VERSION = 1.0;
				PRODUCT_BUNDLE_IDENTIFIER = com.akr.akr.cleanSwiftCoreData1Tests;
				PRODUCT_NAME = "$(TARGET_NAME)";
				SWIFT_EMIT_LOC_STRINGS = NO;
				SWIFT_VERSION = 5.0;
				TARGETED_DEVICE_FAMILY = "1,2";
				TEST_HOST = "$(BUILT_PRODUCTS_DIR)/cleanSwiftCoreData1.app/$(BUNDLE_EXECUTABLE_FOLDER_PATH)/cleanSwiftCoreData1";
			};
			name = Release;
		};
		830FAD362D5297B30032BCF0 /* Debug */ = {
			isa = XCBuildConfiguration;
			buildSettings = {
				CODE_SIGN_STYLE = Automatic;
				CURRENT_PROJECT_VERSION = 1;
				DEVELOPMENT_TEAM = EFA22Y27VT;
				GENERATE_INFOPLIST_FILE = YES;
				MARKETING_VERSION = 1.0;
				PRODUCT_BUNDLE_IDENTIFIER = com.akr.akr.cleanSwiftCoreData1UITests;
				PRODUCT_NAME = "$(TARGET_NAME)";
				SWIFT_EMIT_LOC_STRINGS = NO;
				SWIFT_VERSION = 5.0;
				TARGETED_DEVICE_FAMILY = "1,2";
				TEST_TARGET_NAME = cleanSwiftCoreData1;
			};
			name = Debug;
		};
		830FAD372D5297B30032BCF0 /* Release */ = {
			isa = XCBuildConfiguration;
			buildSettings = {
				CODE_SIGN_STYLE = Automatic;
				CURRENT_PROJECT_VERSION = 1;
				DEVELOPMENT_TEAM = EFA22Y27VT;
				GENERATE_INFOPLIST_FILE = YES;
				MARKETING_VERSION = 1.0;
				PRODUCT_BUNDLE_IDENTIFIER = com.akr.akr.cleanSwiftCoreData1UITests;
				PRODUCT_NAME = "$(TARGET_NAME)";
				SWIFT_EMIT_LOC_STRINGS = NO;
				SWIFT_VERSION = 5.0;
				TARGETED_DEVICE_FAMILY = "1,2";
				TEST_TARGET_NAME = cleanSwiftCoreData1;
			};
			name = Release;
		};
/* End XCBuildConfiguration section */

/* Begin XCConfigurationList section */
		830FACFC2D5297B10032BCF0 /* Build configuration list for PBXProject "cleanSwiftCoreData1" */ = {
			isa = XCConfigurationList;
			buildConfigurations = (
				830FAD302D5297B30032BCF0 /* Debug */,
				830FAD312D5297B30032BCF0 /* Release */,
			);
			defaultConfigurationIsVisible = 0;
			defaultConfigurationName = Release;
		};
		830FAD2D2D5297B30032BCF0 /* Build configuration list for PBXNativeTarget "cleanSwiftCoreData1" */ = {
			isa = XCConfigurationList;
			buildConfigurations = (
				830FAD2E2D5297B30032BCF0 /* Debug */,
				830FAD2F2D5297B30032BCF0 /* Release */,
			);
			defaultConfigurationIsVisible = 0;
			defaultConfigurationName = Release;
		};
		830FAD322D5297B30032BCF0 /* Build configuration list for PBXNativeTarget "cleanSwiftCoreData1Tests" */ = {
			isa = XCConfigurationList;
			buildConfigurations = (
				830FAD332D5297B30032BCF0 /* Debug */,
				830FAD342D5297B30032BCF0 /* Release */,
			);
			defaultConfigurationIsVisible = 0;
			defaultConfigurationName = Release;
		};
		830FAD352D5297B30032BCF0 /* Build configuration list for PBXNativeTarget "cleanSwiftCoreData1UITests" */ = {
			isa = XCConfigurationList;
			buildConfigurations = (
				830FAD362D5297B30032BCF0 /* Debug */,
				830FAD372D5297B30032BCF0 /* Release */,
			);
			defaultConfigurationIsVisible = 0;
			defaultConfigurationName = Release;
		};
/* End XCConfigurationList section */

/* Begin XCRemoteSwiftPackageReference section */
		830FAD5C2D52BEA80032BCF0 /* XCRemoteSwiftPackageReference "Kingfisher" */ = {
			isa = XCRemoteSwiftPackageReference;
			repositoryURL = "https://github.com/onevcat/Kingfisher.git";
			requirement = {
				kind = upToNextMajorVersion;
				minimumVersion = 8.2.0;
			};
		};
/* End XCRemoteSwiftPackageReference section */

/* Begin XCSwiftPackageProductDependency section */
		830FAD5D2D52BEA80032BCF0 /* Kingfisher */ = {
			isa = XCSwiftPackageProductDependency;
			package = 830FAD5C2D52BEA80032BCF0 /* XCRemoteSwiftPackageReference "Kingfisher" */;
			productName = Kingfisher;
		};
/* End XCSwiftPackageProductDependency section */
	};
	rootObject = 830FACF92D5297B10032BCF0 /* Project object */;
}
